// !$*UTF8*$!
{
	archiveVersion = 1;
	classes = {
	};
	objectVersion = 50;
	objects = {

/* Begin PBXBuildFile section */
		04007E2324E22AF000989D9F /* MainApplePay.swift in Sources */ = {isa = PBXBuildFile; fileRef = 04007E2224E22AF000989D9F /* MainApplePay.swift */; };
		04007E8B24E2D09D00989D9F /* Home.swift in Sources */ = {isa = PBXBuildFile; fileRef = 04007E8A24E2D09D00989D9F /* Home.swift */; };
		0444B0A724E978F400C6AE30 /* MainMenuViews.swift in Sources */ = {isa = PBXBuildFile; fileRef = 0444B0A624E978F400C6AE30 /* MainMenuViews.swift */; };
		045BAE7024E7877C00D1CB31 /* Main.swift in Sources */ = {isa = PBXBuildFile; fileRef = 045BAE6F24E7877C00D1CB31 /* Main.swift */; };
		04666F7224EE9808002D2B05 /* NewHomeView.swift in Sources */ = {isa = PBXBuildFile; fileRef = 04666F7124EE9808002D2B05 /* NewHomeView.swift */; };
		04666F7524EEA8CD002D2B05 /* Modifiers.swift in Sources */ = {isa = PBXBuildFile; fileRef = 04666F7424EEA8CD002D2B05 /* Modifiers.swift */; };
		04AB20C824DCC397006B40A0 /* HomeView.swift in Sources */ = {isa = PBXBuildFile; fileRef = 04AB20C724DCC397006B40A0 /* HomeView.swift */; };
		04B0E71D24CC33BE00F0E7FE /* AppDelegate.swift in Sources */ = {isa = PBXBuildFile; fileRef = 04B0E71C24CC33BE00F0E7FE /* AppDelegate.swift */; };
		04B0E71F24CC33BE00F0E7FE /* SceneDelegate.swift in Sources */ = {isa = PBXBuildFile; fileRef = 04B0E71E24CC33BE00F0E7FE /* SceneDelegate.swift */; };
		04B0E72124CC33BE00F0E7FE /* ContentView.swift in Sources */ = {isa = PBXBuildFile; fileRef = 04B0E72024CC33BE00F0E7FE /* ContentView.swift */; };
		04B0E72324CC33C000F0E7FE /* Assets.xcassets in Resources */ = {isa = PBXBuildFile; fileRef = 04B0E72224CC33C000F0E7FE /* Assets.xcassets */; };
		04B0E72624CC33C000F0E7FE /* Preview Assets.xcassets in Resources */ = {isa = PBXBuildFile; fileRef = 04B0E72524CC33C000F0E7FE /* Preview Assets.xcassets */; };
		04B0E72924CC33C000F0E7FE /* LaunchScreen.storyboard in Resources */ = {isa = PBXBuildFile; fileRef = 04B0E72724CC33C000F0E7FE /* LaunchScreen.storyboard */; };
		04B0E73424CC33C100F0E7FE /* StyleProjectTests.swift in Sources */ = {isa = PBXBuildFile; fileRef = 04B0E73324CC33C100F0E7FE /* StyleProjectTests.swift */; };
		04B0E73F24CC33C100F0E7FE /* StyleProjectUITests.swift in Sources */ = {isa = PBXBuildFile; fileRef = 04B0E73E24CC33C100F0E7FE /* StyleProjectUITests.swift */; };
		04BAD23224E4C8B500AE7329 /* MainFontsView.swift in Sources */ = {isa = PBXBuildFile; fileRef = 04BAD23124E4C8B500AE7329 /* MainFontsView.swift */; };
		04D22B0324E0F14900DBAC44 /* test.swift in Sources */ = {isa = PBXBuildFile; fileRef = 04D22B0224E0F14900DBAC44 /* test.swift */; };
		04D22B0B24E1852000DBAC44 /* MainLoadingScreen.swift in Sources */ = {isa = PBXBuildFile; fileRef = 04D22B0A24E1852000DBAC44 /* MainLoadingScreen.swift */; };
		04D22B0D24E1867A00DBAC44 /* MainBackgroundView.swift in Sources */ = {isa = PBXBuildFile; fileRef = 04D22B0C24E1867A00DBAC44 /* MainBackgroundView.swift */; };
		04D22B0F24E186CF00DBAC44 /* MainButtonView.swift in Sources */ = {isa = PBXBuildFile; fileRef = 04D22B0E24E186CF00DBAC44 /* MainButtonView.swift */; };
		04D22B1124E1875300DBAC44 /* MainView.swift in Sources */ = {isa = PBXBuildFile; fileRef = 04D22B1024E1875300DBAC44 /* MainView.swift */; };
		04D22B1324E1885B00DBAC44 /* MainNotificationViews.swift in Sources */ = {isa = PBXBuildFile; fileRef = 04D22B1224E1885B00DBAC44 /* MainNotificationViews.swift */; };
		04D22B1524E1896400DBAC44 /* MainCoolCode.swift in Sources */ = {isa = PBXBuildFile; fileRef = 04D22B1424E1896400DBAC44 /* MainCoolCode.swift */; };
		04D22B1724E18A1100DBAC44 /* MainPageStyling.swift in Sources */ = {isa = PBXBuildFile; fileRef = 04D22B1624E18A1100DBAC44 /* MainPageStyling.swift */; };
		8614C5A3255187E000E9CFE2 /* TheStart.swift in Sources */ = {isa = PBXBuildFile; fileRef = 8614C5A2255187E000E9CFE2 /* TheStart.swift */; };
		8614C5AF255188E300E9CFE2 /* AlternateIcons.swift in Sources */ = {isa = PBXBuildFile; fileRef = 8614C5AE255188E300E9CFE2 /* AlternateIcons.swift */; };
		8614C5BB25518B2D00E9CFE2 /* BarChart.swift in Sources */ = {isa = PBXBuildFile; fileRef = 8614C5BA25518B2D00E9CFE2 /* BarChart.swift */; };
		8614C5C425518D3600E9CFE2 /* CombineURLSession.swift in Sources */ = {isa = PBXBuildFile; fileRef = 8614C5C325518D3500E9CFE2 /* CombineURLSession.swift */; };
/* End PBXBuildFile section */

/* Begin PBXContainerItemProxy section */
		04B0E73024CC33C100F0E7FE /* PBXContainerItemProxy */ = {
			isa = PBXContainerItemProxy;
			containerPortal = 04B0E71124CC33BE00F0E7FE /* Project object */;
			proxyType = 1;
			remoteGlobalIDString = 04B0E71824CC33BE00F0E7FE;
			remoteInfo = StyleProject;
		};
		04B0E73B24CC33C100F0E7FE /* PBXContainerItemProxy */ = {
			isa = PBXContainerItemProxy;
			containerPortal = 04B0E71124CC33BE00F0E7FE /* Project object */;
			proxyType = 1;
			remoteGlobalIDString = 04B0E71824CC33BE00F0E7FE;
			remoteInfo = StyleProject;
		};
/* End PBXContainerItemProxy section */

/* Begin PBXFileReference section */
		04007E2224E22AF000989D9F /* MainApplePay.swift */ = {isa = PBXFileReference; lastKnownFileType = sourcecode.swift; path = MainApplePay.swift; sourceTree = "<group>"; };
		04007E2424E22B5D00989D9F /* StyleProject.entitlements */ = {isa = PBXFileReference; lastKnownFileType = text.plist.entitlements; path = StyleProject.entitlements; sourceTree = "<group>"; };
		04007E8A24E2D09D00989D9F /* Home.swift */ = {isa = PBXFileReference; lastKnownFileType = sourcecode.swift; path = Home.swift; sourceTree = "<group>"; };
		0444B0A624E978F400C6AE30 /* MainMenuViews.swift */ = {isa = PBXFileReference; lastKnownFileType = sourcecode.swift; path = MainMenuViews.swift; sourceTree = "<group>"; };
		045BAE6F24E7877C00D1CB31 /* Main.swift */ = {isa = PBXFileReference; lastKnownFileType = sourcecode.swift; path = Main.swift; sourceTree = "<group>"; };
		04666F7124EE9808002D2B05 /* NewHomeView.swift */ = {isa = PBXFileReference; lastKnownFileType = sourcecode.swift; path = NewHomeView.swift; sourceTree = "<group>"; };
		04666F7424EEA8CD002D2B05 /* Modifiers.swift */ = {isa = PBXFileReference; fileEncoding = 4; lastKnownFileType = sourcecode.swift; path = Modifiers.swift; sourceTree = "<group>"; };
		04AB20C724DCC397006B40A0 /* HomeView.swift */ = {isa = PBXFileReference; lastKnownFileType = sourcecode.swift; path = HomeView.swift; sourceTree = "<group>"; };
		04B0E71924CC33BE00F0E7FE /* StyleProject.app */ = {isa = PBXFileReference; explicitFileType = wrapper.application; includeInIndex = 0; path = StyleProject.app; sourceTree = BUILT_PRODUCTS_DIR; };
		04B0E71C24CC33BE00F0E7FE /* AppDelegate.swift */ = {isa = PBXFileReference; lastKnownFileType = sourcecode.swift; path = AppDelegate.swift; sourceTree = "<group>"; };
		04B0E71E24CC33BE00F0E7FE /* SceneDelegate.swift */ = {isa = PBXFileReference; lastKnownFileType = sourcecode.swift; path = SceneDelegate.swift; sourceTree = "<group>"; };
		04B0E72024CC33BE00F0E7FE /* ContentView.swift */ = {isa = PBXFileReference; lastKnownFileType = sourcecode.swift; path = ContentView.swift; sourceTree = "<group>"; };
		04B0E72224CC33C000F0E7FE /* Assets.xcassets */ = {isa = PBXFileReference; lastKnownFileType = folder.assetcatalog; path = Assets.xcassets; sourceTree = "<group>"; };
		04B0E72524CC33C000F0E7FE /* Preview Assets.xcassets */ = {isa = PBXFileReference; lastKnownFileType = folder.assetcatalog; path = "Preview Assets.xcassets"; sourceTree = "<group>"; };
		04B0E72824CC33C000F0E7FE /* Base */ = {isa = PBXFileReference; lastKnownFileType = file.storyboard; name = Base; path = Base.lproj/LaunchScreen.storyboard; sourceTree = "<group>"; };
		04B0E72A24CC33C000F0E7FE /* Info.plist */ = {isa = PBXFileReference; lastKnownFileType = text.plist.xml; path = Info.plist; sourceTree = "<group>"; };
		04B0E72F24CC33C100F0E7FE /* StyleProjectTests.xctest */ = {isa = PBXFileReference; explicitFileType = wrapper.cfbundle; includeInIndex = 0; path = StyleProjectTests.xctest; sourceTree = BUILT_PRODUCTS_DIR; };
		04B0E73324CC33C100F0E7FE /* StyleProjectTests.swift */ = {isa = PBXFileReference; lastKnownFileType = sourcecode.swift; path = StyleProjectTests.swift; sourceTree = "<group>"; };
		04B0E73524CC33C100F0E7FE /* Info.plist */ = {isa = PBXFileReference; lastKnownFileType = text.plist.xml; path = Info.plist; sourceTree = "<group>"; };
		04B0E73A24CC33C100F0E7FE /* StyleProjectUITests.xctest */ = {isa = PBXFileReference; explicitFileType = wrapper.cfbundle; includeInIndex = 0; path = StyleProjectUITests.xctest; sourceTree = BUILT_PRODUCTS_DIR; };
		04B0E73E24CC33C100F0E7FE /* StyleProjectUITests.swift */ = {isa = PBXFileReference; lastKnownFileType = sourcecode.swift; path = StyleProjectUITests.swift; sourceTree = "<group>"; };
		04B0E74024CC33C100F0E7FE /* Info.plist */ = {isa = PBXFileReference; lastKnownFileType = text.plist.xml; path = Info.plist; sourceTree = "<group>"; };
		04BAD23124E4C8B500AE7329 /* MainFontsView.swift */ = {isa = PBXFileReference; lastKnownFileType = sourcecode.swift; path = MainFontsView.swift; sourceTree = "<group>"; };
		04D22B0224E0F14900DBAC44 /* test.swift */ = {isa = PBXFileReference; lastKnownFileType = sourcecode.swift; path = test.swift; sourceTree = "<group>"; };
		04D22B0A24E1852000DBAC44 /* MainLoadingScreen.swift */ = {isa = PBXFileReference; lastKnownFileType = sourcecode.swift; path = MainLoadingScreen.swift; sourceTree = "<group>"; };
		04D22B0C24E1867A00DBAC44 /* MainBackgroundView.swift */ = {isa = PBXFileReference; lastKnownFileType = sourcecode.swift; path = MainBackgroundView.swift; sourceTree = "<group>"; };
		04D22B0E24E186CF00DBAC44 /* MainButtonView.swift */ = {isa = PBXFileReference; lastKnownFileType = sourcecode.swift; path = MainButtonView.swift; sourceTree = "<group>"; };
		04D22B1024E1875300DBAC44 /* MainView.swift */ = {isa = PBXFileReference; lastKnownFileType = sourcecode.swift; path = MainView.swift; sourceTree = "<group>"; };
		04D22B1224E1885B00DBAC44 /* MainNotificationViews.swift */ = {isa = PBXFileReference; lastKnownFileType = sourcecode.swift; path = MainNotificationViews.swift; sourceTree = "<group>"; };
		04D22B1424E1896400DBAC44 /* MainCoolCode.swift */ = {isa = PBXFileReference; lastKnownFileType = sourcecode.swift; path = MainCoolCode.swift; sourceTree = "<group>"; };
		04D22B1624E18A1100DBAC44 /* MainPageStyling.swift */ = {isa = PBXFileReference; lastKnownFileType = sourcecode.swift; path = MainPageStyling.swift; sourceTree = "<group>"; };
		8614C5A2255187E000E9CFE2 /* TheStart.swift */ = {isa = PBXFileReference; lastKnownFileType = sourcecode.swift; path = TheStart.swift; sourceTree = "<group>"; };
		8614C5AE255188E300E9CFE2 /* AlternateIcons.swift */ = {isa = PBXFileReference; lastKnownFileType = sourcecode.swift; path = AlternateIcons.swift; sourceTree = "<group>"; };
		8614C5BA25518B2D00E9CFE2 /* BarChart.swift */ = {isa = PBXFileReference; lastKnownFileType = sourcecode.swift; path = BarChart.swift; sourceTree = "<group>"; };
		8614C5C325518D3500E9CFE2 /* CombineURLSession.swift */ = {isa = PBXFileReference; lastKnownFileType = sourcecode.swift; path = CombineURLSession.swift; sourceTree = "<group>"; };
/* End PBXFileReference section */

/* Begin PBXFrameworksBuildPhase section */
		04B0E71624CC33BE00F0E7FE /* Frameworks */ = {
			isa = PBXFrameworksBuildPhase;
			buildActionMask = 2147483647;
			files = (
			);
			runOnlyForDeploymentPostprocessing = 0;
		};
		04B0E72C24CC33C100F0E7FE /* Frameworks */ = {
			isa = PBXFrameworksBuildPhase;
			buildActionMask = 2147483647;
			files = (
			);
			runOnlyForDeploymentPostprocessing = 0;
		};
		04B0E73724CC33C100F0E7FE /* Frameworks */ = {
			isa = PBXFrameworksBuildPhase;
			buildActionMask = 2147483647;
			files = (
			);
			runOnlyForDeploymentPostprocessing = 0;
		};
/* End PBXFrameworksBuildPhase section */

/* Begin PBXGroup section */
		0414A67524E9853300D99665 /* Main Nav Views */ = {
			isa = PBXGroup;
			children = (
				04D22B0C24E1867A00DBAC44 /* MainBackgroundView.swift */,
				04D22B0E24E186CF00DBAC44 /* MainButtonView.swift */,
				04007E2224E22AF000989D9F /* MainApplePay.swift */,
				04BAD23124E4C8B500AE7329 /* MainFontsView.swift */,
				04D22B1224E1885B00DBAC44 /* MainNotificationViews.swift */,
				04D22B0A24E1852000DBAC44 /* MainLoadingScreen.swift */,
				04D22B1624E18A1100DBAC44 /* MainPageStyling.swift */,
				04D22B1424E1896400DBAC44 /* MainCoolCode.swift */,
			);
			path = "Main Nav Views";
			sourceTree = "<group>";
		};
		04666F7324EEA554002D2B05 /* Home */ = {
			isa = PBXGroup;
			children = (
				04666F7124EE9808002D2B05 /* NewHomeView.swift */,
			);
			path = Home;
			sourceTree = "<group>";
		};
		04B0E71024CC33BE00F0E7FE = {
			isa = PBXGroup;
			children = (
				04B0E71B24CC33BE00F0E7FE /* StyleProject */,
				04B0E73D24CC33C100F0E7FE /* StyleProjectUITests */,
				04B0E71A24CC33BE00F0E7FE /* Products */,
			);
			sourceTree = "<group>";
		};
		04B0E71A24CC33BE00F0E7FE /* Products */ = {
			isa = PBXGroup;
			children = (
				04B0E71924CC33BE00F0E7FE /* StyleProject.app */,
				04B0E72F24CC33C100F0E7FE /* StyleProjectTests.xctest */,
				04B0E73A24CC33C100F0E7FE /* StyleProjectUITests.xctest */,
			);
			name = Products;
			sourceTree = "<group>";
		};
		04B0E71B24CC33BE00F0E7FE /* StyleProject */ = {
			isa = PBXGroup;
			children = (
				04007E2424E22B5D00989D9F /* StyleProject.entitlements */,
				04B0E71C24CC33BE00F0E7FE /* AppDelegate.swift */,
				04B0E71E24CC33BE00F0E7FE /* SceneDelegate.swift */,
				04666F7424EEA8CD002D2B05 /* Modifiers.swift */,
				04B0E72024CC33BE00F0E7FE /* ContentView.swift */,
				04AB20C724DCC397006B40A0 /* HomeView.swift */,
				8614C5AA255188AF00E9CFE2 /* TheStart */,
				04D22B1024E1875300DBAC44 /* MainView.swift */,
				04666F7324EEA554002D2B05 /* Home */,
				045BAE6F24E7877C00D1CB31 /* Main.swift */,
				0444B0A624E978F400C6AE30 /* MainMenuViews.swift */,
				04007E8A24E2D09D00989D9F /* Home.swift */,
				0414A67524E9853300D99665 /* Main Nav Views */,
				04D22B0224E0F14900DBAC44 /* test.swift */,
				04B0E72224CC33C000F0E7FE /* Assets.xcassets */,
				04B0E72724CC33C000F0E7FE /* LaunchScreen.storyboard */,
				04B0E72A24CC33C000F0E7FE /* Info.plist */,
				04B0E72424CC33C000F0E7FE /* Preview Content */,
			);
			path = StyleProject;
			sourceTree = "<group>";
		};
		04B0E72424CC33C000F0E7FE /* Preview Content */ = {
			isa = PBXGroup;
			children = (
				04B0E73224CC33C100F0E7FE /* StyleProjectTests */,
				04B0E72524CC33C000F0E7FE /* Preview Assets.xcassets */,
			);
			path = "Preview Content";
			sourceTree = "<group>";
		};
		04B0E73224CC33C100F0E7FE /* StyleProjectTests */ = {
			isa = PBXGroup;
			children = (
				04B0E73324CC33C100F0E7FE /* StyleProjectTests.swift */,
				04B0E73524CC33C100F0E7FE /* Info.plist */,
			);
			path = StyleProjectTests;
			sourceTree = "<group>";
		};
		04B0E73D24CC33C100F0E7FE /* StyleProjectUITests */ = {
			isa = PBXGroup;
			children = (
				04B0E73E24CC33C100F0E7FE /* StyleProjectUITests.swift */,
				04B0E74024CC33C100F0E7FE /* Info.plist */,
			);
			path = StyleProjectUITests;
			sourceTree = "<group>";
		};
		8614C5AA255188AF00E9CFE2 /* TheStart */ = {
			isa = PBXGroup;
			children = (
				8614C5A2255187E000E9CFE2 /* TheStart.swift */,
				8614C5AE255188E300E9CFE2 /* AlternateIcons.swift */,
				8614C5BA25518B2D00E9CFE2 /* BarChart.swift */,
				8614C5C325518D3500E9CFE2 /* CombineURLSession.swift */,
			);
			path = TheStart;
			sourceTree = "<group>";
		};
/* End PBXGroup section */

/* Begin PBXNativeTarget section */
		04B0E71824CC33BE00F0E7FE /* StyleProject */ = {
			isa = PBXNativeTarget;
			buildConfigurationList = 04B0E74324CC33C100F0E7FE /* Build configuration list for PBXNativeTarget "StyleProject" */;
			buildPhases = (
				04B0E71524CC33BE00F0E7FE /* Sources */,
				04B0E71624CC33BE00F0E7FE /* Frameworks */,
				04B0E71724CC33BE00F0E7FE /* Resources */,
			);
			buildRules = (
			);
			dependencies = (
			);
			name = StyleProject;
			productName = StyleProject;
			productReference = 04B0E71924CC33BE00F0E7FE /* StyleProject.app */;
			productType = "com.apple.product-type.application";
		};
		04B0E72E24CC33C100F0E7FE /* StyleProjectTests */ = {
			isa = PBXNativeTarget;
			buildConfigurationList = 04B0E74624CC33C100F0E7FE /* Build configuration list for PBXNativeTarget "StyleProjectTests" */;
			buildPhases = (
				04B0E72B24CC33C100F0E7FE /* Sources */,
				04B0E72C24CC33C100F0E7FE /* Frameworks */,
				04B0E72D24CC33C100F0E7FE /* Resources */,
			);
			buildRules = (
			);
			dependencies = (
				04B0E73124CC33C100F0E7FE /* PBXTargetDependency */,
			);
			name = StyleProjectTests;
			productName = StyleProjectTests;
			productReference = 04B0E72F24CC33C100F0E7FE /* StyleProjectTests.xctest */;
			productType = "com.apple.product-type.bundle.unit-test";
		};
		04B0E73924CC33C100F0E7FE /* StyleProjectUITests */ = {
			isa = PBXNativeTarget;
			buildConfigurationList = 04B0E74924CC33C100F0E7FE /* Build configuration list for PBXNativeTarget "StyleProjectUITests" */;
			buildPhases = (
				04B0E73624CC33C100F0E7FE /* Sources */,
				04B0E73724CC33C100F0E7FE /* Frameworks */,
				04B0E73824CC33C100F0E7FE /* Resources */,
			);
			buildRules = (
			);
			dependencies = (
				04B0E73C24CC33C100F0E7FE /* PBXTargetDependency */,
			);
			name = StyleProjectUITests;
			productName = StyleProjectUITests;
			productReference = 04B0E73A24CC33C100F0E7FE /* StyleProjectUITests.xctest */;
			productType = "com.apple.product-type.bundle.ui-testing";
		};
/* End PBXNativeTarget section */

/* Begin PBXProject section */
		04B0E71124CC33BE00F0E7FE /* Project object */ = {
			isa = PBXProject;
			attributes = {
				LastSwiftUpdateCheck = 1160;
				LastUpgradeCheck = 1160;
				ORGANIZATIONNAME = dhuntleyinc;
				TargetAttributes = {
					04B0E71824CC33BE00F0E7FE = {
						CreatedOnToolsVersion = 11.6;
					};
					04B0E72E24CC33C100F0E7FE = {
						CreatedOnToolsVersion = 11.6;
						TestTargetID = 04B0E71824CC33BE00F0E7FE;
					};
					04B0E73924CC33C100F0E7FE = {
						CreatedOnToolsVersion = 11.6;
						TestTargetID = 04B0E71824CC33BE00F0E7FE;
					};
				};
			};
			buildConfigurationList = 04B0E71424CC33BE00F0E7FE /* Build configuration list for PBXProject "StyleProject" */;
			compatibilityVersion = "Xcode 9.3";
			developmentRegion = en;
			hasScannedForEncodings = 0;
			knownRegions = (
				en,
				Base,
			);
			mainGroup = 04B0E71024CC33BE00F0E7FE;
			productRefGroup = 04B0E71A24CC33BE00F0E7FE /* Products */;
			projectDirPath = "";
			projectRoot = "";
			targets = (
				04B0E71824CC33BE00F0E7FE /* StyleProject */,
				04B0E72E24CC33C100F0E7FE /* StyleProjectTests */,
				04B0E73924CC33C100F0E7FE /* StyleProjectUITests */,
			);
		};
/* End PBXProject section */

/* Begin PBXResourcesBuildPhase section */
		04B0E71724CC33BE00F0E7FE /* Resources */ = {
			isa = PBXResourcesBuildPhase;
			buildActionMask = 2147483647;
			files = (
				04B0E72924CC33C000F0E7FE /* LaunchScreen.storyboard in Resources */,
				04B0E72624CC33C000F0E7FE /* Preview Assets.xcassets in Resources */,
				04B0E72324CC33C000F0E7FE /* Assets.xcassets in Resources */,
			);
			runOnlyForDeploymentPostprocessing = 0;
		};
		04B0E72D24CC33C100F0E7FE /* Resources */ = {
			isa = PBXResourcesBuildPhase;
			buildActionMask = 2147483647;
			files = (
			);
			runOnlyForDeploymentPostprocessing = 0;
		};
		04B0E73824CC33C100F0E7FE /* Resources */ = {
			isa = PBXResourcesBuildPhase;
			buildActionMask = 2147483647;
			files = (
			);
			runOnlyForDeploymentPostprocessing = 0;
		};
/* End PBXResourcesBuildPhase section */

/* Begin PBXSourcesBuildPhase section */
		04B0E71524CC33BE00F0E7FE /* Sources */ = {
			isa = PBXSourcesBuildPhase;
			buildActionMask = 2147483647;
			files = (
				04B0E71D24CC33BE00F0E7FE /* AppDelegate.swift in Sources */,
				04BAD23224E4C8B500AE7329 /* MainFontsView.swift in Sources */,
				04666F7224EE9808002D2B05 /* NewHomeView.swift in Sources */,
				04D22B1324E1885B00DBAC44 /* MainNotificationViews.swift in Sources */,
				04D22B1724E18A1100DBAC44 /* MainPageStyling.swift in Sources */,
				8614C5BB25518B2D00E9CFE2 /* BarChart.swift in Sources */,
				04B0E71F24CC33BE00F0E7FE /* SceneDelegate.swift in Sources */,
				04D22B0B24E1852000DBAC44 /* MainLoadingScreen.swift in Sources */,
				04666F7524EEA8CD002D2B05 /* Modifiers.swift in Sources */,
				04AB20C824DCC397006B40A0 /* HomeView.swift in Sources */,
				04007E8B24E2D09D00989D9F /* Home.swift in Sources */,
				04B0E72124CC33BE00F0E7FE /* ContentView.swift in Sources */,
				8614C5AF255188E300E9CFE2 /* AlternateIcons.swift in Sources */,
				04D22B1124E1875300DBAC44 /* MainView.swift in Sources */,
				045BAE7024E7877C00D1CB31 /* Main.swift in Sources */,
				04D22B0F24E186CF00DBAC44 /* MainButtonView.swift in Sources */,
				8614C5A3255187E000E9CFE2 /* TheStart.swift in Sources */,
				0444B0A724E978F400C6AE30 /* MainMenuViews.swift in Sources */,
				04D22B1524E1896400DBAC44 /* MainCoolCode.swift in Sources */,
				04D22B0D24E1867A00DBAC44 /* MainBackgroundView.swift in Sources */,
				04007E2324E22AF000989D9F /* MainApplePay.swift in Sources */,
				04D22B0324E0F14900DBAC44 /* test.swift in Sources */,
				8614C5C425518D3600E9CFE2 /* CombineURLSession.swift in Sources */,
			);
			runOnlyForDeploymentPostprocessing = 0;
		};
		04B0E72B24CC33C100F0E7FE /* Sources */ = {
			isa = PBXSourcesBuildPhase;
			buildActionMask = 2147483647;
			files = (
				04B0E73424CC33C100F0E7FE /* StyleProjectTests.swift in Sources */,
			);
			runOnlyForDeploymentPostprocessing = 0;
		};
		04B0E73624CC33C100F0E7FE /* Sources */ = {
			isa = PBXSourcesBuildPhase;
			buildActionMask = 2147483647;
			files = (
				04B0E73F24CC33C100F0E7FE /* StyleProjectUITests.swift in Sources */,
			);
			runOnlyForDeploymentPostprocessing = 0;
		};
/* End PBXSourcesBuildPhase section */

/* Begin PBXTargetDependency section */
		04B0E73124CC33C100F0E7FE /* PBXTargetDependency */ = {
			isa = PBXTargetDependency;
			target = 04B0E71824CC33BE00F0E7FE /* StyleProject */;
			targetProxy = 04B0E73024CC33C100F0E7FE /* PBXContainerItemProxy */;
		};
		04B0E73C24CC33C100F0E7FE /* PBXTargetDependency */ = {
			isa = PBXTargetDependency;
			target = 04B0E71824CC33BE00F0E7FE /* StyleProject */;
			targetProxy = 04B0E73B24CC33C100F0E7FE /* PBXContainerItemProxy */;
		};
/* End PBXTargetDependency section */

/* Begin PBXVariantGroup section */
		04B0E72724CC33C000F0E7FE /* LaunchScreen.storyboard */ = {
			isa = PBXVariantGroup;
			children = (
				04B0E72824CC33C000F0E7FE /* Base */,
			);
			name = LaunchScreen.storyboard;
			sourceTree = "<group>";
		};
/* End PBXVariantGroup section */

/* Begin XCBuildConfiguration section */
		04B0E74124CC33C100F0E7FE /* Debug */ = {
			isa = XCBuildConfiguration;
			buildSettings = {
				ALWAYS_SEARCH_USER_PATHS = NO;
				CLANG_ANALYZER_NONNULL = YES;
				CLANG_ANALYZER_NUMBER_OBJECT_CONVERSION = YES_AGGRESSIVE;
				CLANG_CXX_LANGUAGE_STANDARD = "gnu++14";
				CLANG_CXX_LIBRARY = "libc++";
				CLANG_ENABLE_MODULES = YES;
				CLANG_ENABLE_OBJC_ARC = YES;
				CLANG_ENABLE_OBJC_WEAK = YES;
				CLANG_WARN_BLOCK_CAPTURE_AUTORELEASING = YES;
				CLANG_WARN_BOOL_CONVERSION = YES;
				CLANG_WARN_COMMA = YES;
				CLANG_WARN_CONSTANT_CONVERSION = YES;
				CLANG_WARN_DEPRECATED_OBJC_IMPLEMENTATIONS = YES;
				CLANG_WARN_DIRECT_OBJC_ISA_USAGE = YES_ERROR;
				CLANG_WARN_DOCUMENTATION_COMMENTS = YES;
				CLANG_WARN_EMPTY_BODY = YES;
				CLANG_WARN_ENUM_CONVERSION = YES;
				CLANG_WARN_INFINITE_RECURSION = YES;
				CLANG_WARN_INT_CONVERSION = YES;
				CLANG_WARN_NON_LITERAL_NULL_CONVERSION = YES;
				CLANG_WARN_OBJC_IMPLICIT_RETAIN_SELF = YES;
				CLANG_WARN_OBJC_LITERAL_CONVERSION = YES;
				CLANG_WARN_OBJC_ROOT_CLASS = YES_ERROR;
				CLANG_WARN_RANGE_LOOP_ANALYSIS = YES;
				CLANG_WARN_STRICT_PROTOTYPES = YES;
				CLANG_WARN_SUSPICIOUS_MOVE = YES;
				CLANG_WARN_UNGUARDED_AVAILABILITY = YES_AGGRESSIVE;
				CLANG_WARN_UNREACHABLE_CODE = YES;
				CLANG_WARN__DUPLICATE_METHOD_MATCH = YES;
				COPY_PHASE_STRIP = NO;
				DEBUG_INFORMATION_FORMAT = dwarf;
				ENABLE_STRICT_OBJC_MSGSEND = YES;
				ENABLE_TESTABILITY = YES;
				GCC_C_LANGUAGE_STANDARD = gnu11;
				GCC_DYNAMIC_NO_PIC = NO;
				GCC_NO_COMMON_BLOCKS = YES;
				GCC_OPTIMIZATION_LEVEL = 0;
				GCC_PREPROCESSOR_DEFINITIONS = (
					"DEBUG=1",
					"$(inherited)",
				);
				GCC_WARN_64_TO_32_BIT_CONVERSION = YES;
				GCC_WARN_ABOUT_RETURN_TYPE = YES_ERROR;
				GCC_WARN_UNDECLARED_SELECTOR = YES;
				GCC_WARN_UNINITIALIZED_AUTOS = YES_AGGRESSIVE;
				GCC_WARN_UNUSED_FUNCTION = YES;
				GCC_WARN_UNUSED_VARIABLE = YES;
				IPHONEOS_DEPLOYMENT_TARGET = 13.6;
				MTL_ENABLE_DEBUG_INFO = INCLUDE_SOURCE;
				MTL_FAST_MATH = YES;
				ONLY_ACTIVE_ARCH = YES;
				SDKROOT = iphoneos;
				SWIFT_ACTIVE_COMPILATION_CONDITIONS = DEBUG;
				SWIFT_OPTIMIZATION_LEVEL = "-Onone";
			};
			name = Debug;
		};
		04B0E74224CC33C100F0E7FE /* Release */ = {
			isa = XCBuildConfiguration;
			buildSettings = {
				ALWAYS_SEARCH_USER_PATHS = NO;
				CLANG_ANALYZER_NONNULL = YES;
				CLANG_ANALYZER_NUMBER_OBJECT_CONVERSION = YES_AGGRESSIVE;
				CLANG_CXX_LANGUAGE_STANDARD = "gnu++14";
				CLANG_CXX_LIBRARY = "libc++";
				CLANG_ENABLE_MODULES = YES;
				CLANG_ENABLE_OBJC_ARC = YES;
				CLANG_ENABLE_OBJC_WEAK = YES;
				CLANG_WARN_BLOCK_CAPTURE_AUTORELEASING = YES;
				CLANG_WARN_BOOL_CONVERSION = YES;
				CLANG_WARN_COMMA = YES;
				CLANG_WARN_CONSTANT_CONVERSION = YES;
				CLANG_WARN_DEPRECATED_OBJC_IMPLEMENTATIONS = YES;
				CLANG_WARN_DIRECT_OBJC_ISA_USAGE = YES_ERROR;
				CLANG_WARN_DOCUMENTATION_COMMENTS = YES;
				CLANG_WARN_EMPTY_BODY = YES;
				CLANG_WARN_ENUM_CONVERSION = YES;
				CLANG_WARN_INFINITE_RECURSION = YES;
				CLANG_WARN_INT_CONVERSION = YES;
				CLANG_WARN_NON_LITERAL_NULL_CONVERSION = YES;
				CLANG_WARN_OBJC_IMPLICIT_RETAIN_SELF = YES;
				CLANG_WARN_OBJC_LITERAL_CONVERSION = YES;
				CLANG_WARN_OBJC_ROOT_CLASS = YES_ERROR;
				CLANG_WARN_RANGE_LOOP_ANALYSIS = YES;
				CLANG_WARN_STRICT_PROTOTYPES = YES;
				CLANG_WARN_SUSPICIOUS_MOVE = YES;
				CLANG_WARN_UNGUARDED_AVAILABILITY = YES_AGGRESSIVE;
				CLANG_WARN_UNREACHABLE_CODE = YES;
				CLANG_WARN__DUPLICATE_METHOD_MATCH = YES;
				COPY_PHASE_STRIP = NO;
				DEBUG_INFORMATION_FORMAT = "dwarf-with-dsym";
				ENABLE_NS_ASSERTIONS = NO;
				ENABLE_STRICT_OBJC_MSGSEND = YES;
				GCC_C_LANGUAGE_STANDARD = gnu11;
				GCC_NO_COMMON_BLOCKS = YES;
				GCC_WARN_64_TO_32_BIT_CONVERSION = YES;
				GCC_WARN_ABOUT_RETURN_TYPE = YES_ERROR;
				GCC_WARN_UNDECLARED_SELECTOR = YES;
				GCC_WARN_UNINITIALIZED_AUTOS = YES_AGGRESSIVE;
				GCC_WARN_UNUSED_FUNCTION = YES;
				GCC_WARN_UNUSED_VARIABLE = YES;
				IPHONEOS_DEPLOYMENT_TARGET = 13.6;
				MTL_ENABLE_DEBUG_INFO = NO;
				MTL_FAST_MATH = YES;
				SDKROOT = iphoneos;
				SWIFT_COMPILATION_MODE = wholemodule;
				SWIFT_OPTIMIZATION_LEVEL = "-O";
				VALIDATE_PRODUCT = YES;
			};
			name = Release;
		};
		04B0E74424CC33C100F0E7FE /* Debug */ = {
			isa = XCBuildConfiguration;
			buildSettings = {
				ASSETCATALOG_COMPILER_APPICON_NAME = AppIcon;
				CODE_SIGN_ENTITLEMENTS = StyleProject/StyleProject.entitlements;
				CODE_SIGN_STYLE = Automatic;
				DEVELOPMENT_ASSET_PATHS = "\"StyleProject/Preview Content\"";
				DEVELOPMENT_TEAM = SNW84Q39QZ;
				ENABLE_PREVIEWS = YES;
				INFOPLIST_FILE = StyleProject/Info.plist;
				LD_RUNPATH_SEARCH_PATHS = (
					"$(inherited)",
					"@executable_path/Frameworks",
				);
				PRODUCT_BUNDLE_IDENTIFIER = com.dhuntleyinc.StyleProject;
				PRODUCT_NAME = "$(TARGET_NAME)";
				SWIFT_VERSION = 5.0;
				TARGETED_DEVICE_FAMILY = "1,2";
			};
			name = Debug;
		};
		04B0E74524CC33C100F0E7FE /* Release */ = {
			isa = XCBuildConfiguration;
			buildSettings = {
				ASSETCATALOG_COMPILER_APPICON_NAME = AppIcon;
				CODE_SIGN_ENTITLEMENTS = StyleProject/StyleProject.entitlements;
				CODE_SIGN_STYLE = Automatic;
				DEVELOPMENT_ASSET_PATHS = "\"StyleProject/Preview Content\"";
				DEVELOPMENT_TEAM = SNW84Q39QZ;
				ENABLE_PREVIEWS = YES;
				INFOPLIST_FILE = StyleProject/Info.plist;
				LD_RUNPATH_SEARCH_PATHS = (
					"$(inherited)",
					"@executable_path/Frameworks",
				);
				PRODUCT_BUNDLE_IDENTIFIER = com.dhuntleyinc.StyleProject;
				PRODUCT_NAME = "$(TARGET_NAME)";
				SWIFT_VERSION = 5.0;
				TARGETED_DEVICE_FAMILY = "1,2";
			};
			name = Release;
		};
		04B0E74724CC33C100F0E7FE /* Debug */ = {
			isa = XCBuildConfiguration;
			buildSettings = {
				ALWAYS_EMBED_SWIFT_STANDARD_LIBRARIES = YES;
				BUNDLE_LOADER = "$(TEST_HOST)";
				CODE_SIGN_STYLE = Automatic;
				DEVELOPMENT_TEAM = SNW84Q39QZ;
				INFOPLIST_FILE = StyleProjectTests/Info.plist;
				IPHONEOS_DEPLOYMENT_TARGET = 13.6;
				LD_RUNPATH_SEARCH_PATHS = (
					"$(inherited)",
					"@executable_path/Frameworks",
					"@loader_path/Frameworks",
				);
				PRODUCT_BUNDLE_IDENTIFIER = com.dhuntleyinc.StyleProjectTests;
				PRODUCT_NAME = "$(TARGET_NAME)";
				SWIFT_VERSION = 5.0;
				TARGETED_DEVICE_FAMILY = "1,2";
				TEST_HOST = "$(BUILT_PRODUCTS_DIR)/StyleProject.app/StyleProject";
			};
			name = Debug;
		};
		04B0E74824CC33C100F0E7FE /* Release */ = {
			isa = XCBuildConfiguration;
			buildSettings = {
				ALWAYS_EMBED_SWIFT_STANDARD_LIBRARIES = YES;
				BUNDLE_LOADER = "$(TEST_HOST)";
				CODE_SIGN_STYLE = Automatic;
				DEVELOPMENT_TEAM = SNW84Q39QZ;
				INFOPLIST_FILE = StyleProjectTests/Info.plist;
				IPHONEOS_DEPLOYMENT_TARGET = 13.6;
				LD_RUNPATH_SEARCH_PATHS = (
					"$(inherited)",
					"@executable_path/Frameworks",
					"@loader_path/Frameworks",
				);
				PRODUCT_BUNDLE_IDENTIFIER = com.dhuntleyinc.StyleProjectTests;
				PRODUCT_NAME = "$(TARGET_NAME)";
				SWIFT_VERSION = 5.0;
				TARGETED_DEVICE_FAMILY = "1,2";
				TEST_HOST = "$(BUILT_PRODUCTS_DIR)/StyleProject.app/StyleProject";
			};
			name = Release;
		};
		04B0E74A24CC33C100F0E7FE /* Debug */ = {
			isa = XCBuildConfiguration;
			buildSettings = {
				ALWAYS_EMBED_SWIFT_STANDARD_LIBRARIES = YES;
				CODE_SIGN_STYLE = Automatic;
				DEVELOPMENT_TEAM = SNW84Q39QZ;
				INFOPLIST_FILE = StyleProjectUITests/Info.plist;
				LD_RUNPATH_SEARCH_PATHS = (
					"$(inherited)",
					"@executable_path/Frameworks",
					"@loader_path/Frameworks",
				);
				PRODUCT_BUNDLE_IDENTIFIER = com.dhuntleyinc.StyleProjectUITests;
				PRODUCT_NAME = "$(TARGET_NAME)";
				SWIFT_VERSION = 5.0;
				TARGETED_DEVICE_FAMILY = "1,2";
				TEST_TARGET_NAME = StyleProject;
			};
			name = Debug;
		};
		04B0E74B24CC33C100F0E7FE /* Release */ = {
			isa = XCBuildConfiguration;
			buildSettings = {
				ALWAYS_EMBED_SWIFT_STANDARD_LIBRARIES = YES;
				CODE_SIGN_STYLE = Automatic;
				DEVELOPMENT_TEAM = SNW84Q39QZ;
				INFOPLIST_FILE = StyleProjectUITests/Info.plist;
				LD_RUNPATH_SEARCH_PATHS = (
					"$(inherited)",
					"@executable_path/Frameworks",
					"@loader_path/Frameworks",
				);
				PRODUCT_BUNDLE_IDENTIFIER = com.dhuntleyinc.StyleProjectUITests;
				PRODUCT_NAME = "$(TARGET_NAME)";
				SWIFT_VERSION = 5.0;
				TARGETED_DEVICE_FAMILY = "1,2";
				TEST_TARGET_NAME = StyleProject;
			};
			name = Release;
		};
/* End XCBuildConfiguration section */

/* Begin XCConfigurationList section */
		04B0E71424CC33BE00F0E7FE /* Build configuration list for PBXProject "StyleProject" */ = {
			isa = XCConfigurationList;
			buildConfigurations = (
				04B0E74124CC33C100F0E7FE /* Debug */,
				04B0E74224CC33C100F0E7FE /* Release */,
			);
			defaultConfigurationIsVisible = 0;
			defaultConfigurationName = Release;
		};
		04B0E74324CC33C100F0E7FE /* Build configuration list for PBXNativeTarget "StyleProject" */ = {
			isa = XCConfigurationList;
			buildConfigurations = (
				04B0E74424CC33C100F0E7FE /* Debug */,
				04B0E74524CC33C100F0E7FE /* Release */,
			);
			defaultConfigurationIsVisible = 0;
			defaultConfigurationName = Release;
		};
		04B0E74624CC33C100F0E7FE /* Build configuration list for PBXNativeTarget "StyleProjectTests" */ = {
			isa = XCConfigurationList;
			buildConfigurations = (
				04B0E74724CC33C100F0E7FE /* Debug */,
				04B0E74824CC33C100F0E7FE /* Release */,
			);
			defaultConfigurationIsVisible = 0;
			defaultConfigurationName = Release;
		};
		04B0E74924CC33C100F0E7FE /* Build configuration list for PBXNativeTarget "StyleProjectUITests" */ = {
			isa = XCConfigurationList;
			buildConfigurations = (
				04B0E74A24CC33C100F0E7FE /* Debug */,
				04B0E74B24CC33C100F0E7FE /* Release */,
			);
			defaultConfigurationIsVisible = 0;
			defaultConfigurationName = Release;
		};
/* End XCConfigurationList section */
	};
	rootObject = 04B0E71124CC33BE00F0E7FE /* Project object */;
}
